
Microsoft Visual Studio Solution File, Format Version 12.00
# Visual Studio 15
VisualStudioVersion = 15.0.26124.0
MinimumVisualStudioVersion = 15.0.26124.0
Project("{FAE04EC0-301F-11D3-BF4B-00C04F79EFBC}") = "API", "API\API.csproj", "{0341FEAC-2A0B-44D1-ACD4-F2439D7278FF}"
EndProject
Project("{FAE04EC0-301F-11D3-BF4B-00C04F79EFBC}") = "Application", "Application\Application.csproj", "{053486FC-49D6-4B55-B7C6-546D38EC7256}"
EndProject
Project("{FAE04EC0-301F-11D3-BF4B-00C04F79EFBC}") = "Persistence", "Persistence\Persistence.csproj", "{B0F73142-F3BB-41DC-80E9-204CD80B699B}"
EndProject
Project("{FAE04EC0-301F-11D3-BF4B-00C04F79EFBC}") = "Domain", "Domain\Domain.csproj", "{E1A52545-1BB5-4604-8BEC-86F6B72B2EED}"
EndProject
Global
	GlobalSection(SolutionConfigurationPlatforms) = preSolution
		Debug|Any CPU = Debug|Any CPU
		Debug|x64 = Debug|x64
		Debug|x86 = Debug|x86
		Release|Any CPU = Release|Any CPU
		Release|x64 = Release|x64
		Release|x86 = Release|x86
	EndGlobalSection
	GlobalSection(SolutionProperties) = preSolution
		HideSolutionNode = FALSE
	EndGlobalSection
	GlobalSection(ProjectConfigurationPlatforms) = postSolution
		{0341FEAC-2A0B-44D1-ACD4-F2439D7278FF}.Debug|Any CPU.ActiveCfg = Debug|Any CPU
		{0341FEAC-2A0B-44D1-ACD4-F2439D7278FF}.Debug|Any CPU.Build.0 = Debug|Any CPU
		{0341FEAC-2A0B-44D1-ACD4-F2439D7278FF}.Debug|x64.ActiveCfg = Debug|Any CPU
		{0341FEAC-2A0B-44D1-ACD4-F2439D7278FF}.Debug|x64.Build.0 = Debug|Any CPU
		{0341FEAC-2A0B-44D1-ACD4-F2439D7278FF}.Debug|x86.ActiveCfg = Debug|Any CPU
		{0341FEAC-2A0B-44D1-ACD4-F2439D7278FF}.Debug|x86.Build.0 = Debug|Any CPU
		{0341FEAC-2A0B-44D1-ACD4-F2439D7278FF}.Release|Any CPU.ActiveCfg = Release|Any CPU
		{0341FEAC-2A0B-44D1-ACD4-F2439D7278FF}.Release|Any CPU.Build.0 = Release|Any CPU
		{0341FEAC-2A0B-44D1-ACD4-F2439D7278FF}.Release|x64.ActiveCfg = Release|Any CPU
		{0341FEAC-2A0B-44D1-ACD4-F2439D7278FF}.Release|x64.Build.0 = Release|Any CPU
		{0341FEAC-2A0B-44D1-ACD4-F2439D7278FF}.Release|x86.ActiveCfg = Release|Any CPU
		{0341FEAC-2A0B-44D1-ACD4-F2439D7278FF}.Release|x86.Build.0 = Release|Any CPU
		{053486FC-49D6-4B55-B7C6-546D38EC7256}.Debug|Any CPU.ActiveCfg = Debug|Any CPU
		{053486FC-49D6-4B55-B7C6-546D38EC7256}.Debug|Any CPU.Build.0 = Debug|Any CPU
		{053486FC-49D6-4B55-B7C6-546D38EC7256}.Debug|x64.ActiveCfg = Debug|Any CPU
		{053486FC-49D6-4B55-B7C6-546D38EC7256}.Debug|x64.Build.0 = Debug|Any CPU
		{053486FC-49D6-4B55-B7C6-546D38EC7256}.Debug|x86.ActiveCfg = Debug|Any CPU
		{053486FC-49D6-4B55-B7C6-546D38EC7256}.Debug|x86.Build.0 = Debug|Any CPU
		{053486FC-49D6-4B55-B7C6-546D38EC7256}.Release|Any CPU.ActiveCfg = Release|Any CPU
		{053486FC-49D6-4B55-B7C6-546D38EC7256}.Release|Any CPU.Build.0 = Release|Any CPU
		{053486FC-49D6-4B55-B7C6-546D38EC7256}.Release|x64.ActiveCfg = Release|Any CPU
		{053486FC-49D6-4B55-B7C6-546D38EC7256}.Release|x64.Build.0 = Release|Any CPU
		{053486FC-49D6-4B55-B7C6-546D38EC7256}.Release|x86.ActiveCfg = Release|Any CPU
		{053486FC-49D6-4B55-B7C6-546D38EC7256}.Release|x86.Build.0 = Release|Any CPU
		{B0F73142-F3BB-41DC-80E9-204CD80B699B}.Debug|Any CPU.ActiveCfg = Debug|Any CPU
		{B0F73142-F3BB-41DC-80E9-204CD80B699B}.Debug|Any CPU.Build.0 = Debug|Any CPU
		{B0F73142-F3BB-41DC-80E9-204CD80B699B}.Debug|x64.ActiveCfg = Debug|Any CPU
		{B0F73142-F3BB-41DC-80E9-204CD80B699B}.Debug|x64.Build.0 = Debug|Any CPU
		{B0F73142-F3BB-41DC-80E9-204CD80B699B}.Debug|x86.ActiveCfg = Debug|Any CPU
		{B0F73142-F3BB-41DC-80E9-204CD80B699B}.Debug|x86.Build.0 = Debug|Any CPU
		{B0F73142-F3BB-41DC-80E9-204CD80B699B}.Release|Any CPU.ActiveCfg = Release|Any CPU
		{B0F73142-F3BB-41DC-80E9-204CD80B699B}.Release|Any CPU.Build.0 = Release|Any CPU
		{B0F73142-F3BB-41DC-80E9-204CD80B699B}.Release|x64.ActiveCfg = Release|Any CPU
		{B0F73142-F3BB-41DC-80E9-204CD80B699B}.Release|x64.Build.0 = Release|Any CPU
		{B0F73142-F3BB-41DC-80E9-204CD80B699B}.Release|x86.ActiveCfg = Release|Any CPU
		{B0F73142-F3BB-41DC-80E9-204CD80B699B}.Release|x86.Build.0 = Release|Any CPU
		{E1A52545-1BB5-4604-8BEC-86F6B72B2EED}.Debug|Any CPU.ActiveCfg = Debug|Any CPU
		{E1A52545-1BB5-4604-8BEC-86F6B72B2EED}.Debug|Any CPU.Build.0 = Debug|Any CPU
		{E1A52545-1BB5-4604-8BEC-86F6B72B2EED}.Debug|x64.ActiveCfg = Debug|Any CPU
		{E1A52545-1BB5-4604-8BEC-86F6B72B2EED}.Debug|x64.Build.0 = Debug|Any CPU
		{E1A52545-1BB5-4604-8BEC-86F6B72B2EED}.Debug|x86.ActiveCfg = Debug|Any CPU
		{E1A52545-1BB5-4604-8BEC-86F6B72B2EED}.Debug|x86.Build.0 = Debug|Any CPU
		{E1A52545-1BB5-4604-8BEC-86F6B72B2EED}.Release|Any CPU.ActiveCfg = Release|Any CPU
		{E1A52545-1BB5-4604-8BEC-86F6B72B2EED}.Release|Any CPU.Build.0 = Release|Any CPU
		{E1A52545-1BB5-4604-8BEC-86F6B72B2EED}.Release|x64.ActiveCfg = Release|Any CPU
		{E1A52545-1BB5-4604-8BEC-86F6B72B2EED}.Release|x64.Build.0 = Release|Any CPU
		{E1A52545-1BB5-4604-8BEC-86F6B72B2EED}.Release|x86.ActiveCfg = Release|Any CPU
		{E1A52545-1BB5-4604-8BEC-86F6B72B2EED}.Release|x86.Build.0 = Release|Any CPU
	EndGlobalSection
EndGlobal
